
Microsoft Visual Studio Solution File, Format Version 12.00
# Visual Studio Version 16
VisualStudioVersion = 16.0.29123.88
MinimumVisualStudioVersion = 10.0.40219.1
Project("{FAE04EC0-301F-11D3-BF4B-00C04F79EFBC}") = "DigiSalud", "DigiSalud\DigiSalud.csproj", "{22A7F452-6798-4E9C-8D91-B2C2B9C0AD52}"
EndProject
Project("{FAE04EC0-301F-11D3-BF4B-00C04F79EFBC}") = "Negocio", "Negocio\Negocio.csproj", "{B7537812-1FCB-4692-B2F6-BA8B4ADF7577}"
EndProject
Project("{FAE04EC0-301F-11D3-BF4B-00C04F79EFBC}") = "Entidades", "Entidades\Entidades.csproj", "{63EAA8C8-9FB9-4793-B983-AA6205D83E70}"
EndProject
Project("{FAE04EC0-301F-11D3-BF4B-00C04F79EFBC}") = "Utilidades", "Utilidades\Utilidades.csproj", "{537849CF-BB63-4C9E-9CF1-3308C25260C8}"
EndProject
Project("{FAE04EC0-301F-11D3-BF4B-00C04F79EFBC}") = "Repositorio", "Repositorio\Repositorio.csproj", "{E5A34C3A-CC39-42DC-A13F-C25635665C92}"
EndProject
Global
	GlobalSection(SolutionConfigurationPlatforms) = preSolution
		Debug|Any CPU = Debug|Any CPU
		Release|Any CPU = Release|Any CPU
	EndGlobalSection
	GlobalSection(ProjectConfigurationPlatforms) = postSolution
		{22A7F452-6798-4E9C-8D91-B2C2B9C0AD52}.Debug|Any CPU.ActiveCfg = Debug|Any CPU
		{22A7F452-6798-4E9C-8D91-B2C2B9C0AD52}.Debug|Any CPU.Build.0 = Debug|Any CPU
		{22A7F452-6798-4E9C-8D91-B2C2B9C0AD52}.Release|Any CPU.ActiveCfg = Release|Any CPU
		{22A7F452-6798-4E9C-8D91-B2C2B9C0AD52}.Release|Any CPU.Build.0 = Release|Any CPU
		{B7537812-1FCB-4692-B2F6-BA8B4ADF7577}.Debug|Any CPU.ActiveCfg = Debug|Any CPU
		{B7537812-1FCB-4692-B2F6-BA8B4ADF7577}.Debug|Any CPU.Build.0 = Debug|Any CPU
		{B7537812-1FCB-4692-B2F6-BA8B4ADF7577}.Release|Any CPU.ActiveCfg = Release|Any CPU
		{B7537812-1FCB-4692-B2F6-BA8B4ADF7577}.Release|Any CPU.Build.0 = Release|Any CPU
		{63EAA8C8-9FB9-4793-B983-AA6205D83E70}.Debug|Any CPU.ActiveCfg = Debug|Any CPU
		{63EAA8C8-9FB9-4793-B983-AA6205D83E70}.Debug|Any CPU.Build.0 = Debug|Any CPU
		{63EAA8C8-9FB9-4793-B983-AA6205D83E70}.Release|Any CPU.ActiveCfg = Release|Any CPU
		{63EAA8C8-9FB9-4793-B983-AA6205D83E70}.Release|Any CPU.Build.0 = Release|Any CPU
		{537849CF-BB63-4C9E-9CF1-3308C25260C8}.Debug|Any CPU.ActiveCfg = Debug|Any CPU
		{537849CF-BB63-4C9E-9CF1-3308C25260C8}.Debug|Any CPU.Build.0 = Debug|Any CPU
		{537849CF-BB63-4C9E-9CF1-3308C25260C8}.Release|Any CPU.ActiveCfg = Release|Any CPU
		{537849CF-BB63-4C9E-9CF1-3308C25260C8}.Release|Any CPU.Build.0 = Release|Any CPU
		{E5A34C3A-CC39-42DC-A13F-C25635665C92}.Debug|Any CPU.ActiveCfg = Debug|Any CPU
		{E5A34C3A-CC39-42DC-A13F-C25635665C92}.Debug|Any CPU.Build.0 = Debug|Any CPU
		{E5A34C3A-CC39-42DC-A13F-C25635665C92}.Release|Any CPU.ActiveCfg = Release|Any CPU
		{E5A34C3A-CC39-42DC-A13F-C25635665C92}.Release|Any CPU.Build.0 = Release|Any CPU
	EndGlobalSection
	GlobalSection(SolutionProperties) = preSolution
		HideSolutionNode = FALSE
	EndGlobalSection
	GlobalSection(ExtensibilityGlobals) = postSolution
		SolutionGuid = {135E406E-F97A-4EF7-98B0-447120D9C6F7}
	EndGlobalSection
EndGlobal
